
Microsoft Visual Studio Solution File, Format Version 12.00
# Visual Studio Version 17
VisualStudioVersion = 17.14.36301.6
MinimumVisualStudioVersion = 10.0.40219.1
Project("{2150E333-8FDC-42A3-9474-1A3956D46DE8}") = "src", "src", "{ABB2EFFB-59C6-4171-A44A-7AA652BCB4FD}"
EndProject
Project("{2150E333-8FDC-42A3-9474-1A3956D46DE8}") = "test", "test", "{F2E0EE25-726E-4B0F-898E-B6F40ED57B59}"
EndProject
Project("{FAE04EC0-301F-11D3-BF4B-00C04F79EFBC}") = "CinemaTicketingSystem.Domain", "CinemaTicketingSystem.Domain\CinemaTicketingSystem.Domain.csproj", "{F60AC0B8-C0F1-493F-AFEF-4AA7FFE7D1AB}"
EndProject
Project("{FAE04EC0-301F-11D3-BF4B-00C04F79EFBC}") = "CinemaTicketingSystem.Application", "CinemaTicketingSystem.Application\CinemaTicketingSystem.Application.csproj", "{137A0908-F6AA-4480-8EC4-C7B51EEBE91C}"
EndProject
Project("{FAE04EC0-301F-11D3-BF4B-00C04F79EFBC}") = "CinemaTicketingSystem.Host", "CinemaTicketingSystem.Host\CinemaTicketingSystem.Host.csproj", "{6741FE32-211F-4B61-B13B-5B6338568ABA}"
EndProject
Project("{2150E333-8FDC-42A3-9474-1A3956D46DE8}") = "infrastructure", "infrastructure", "{5ED7C5E2-3A60-42D4-BFBE-76DA6F30C852}"
EndProject
Project("{FAE04EC0-301F-11D3-BF4B-00C04F79EFBC}") = "CinemaTicketingSystem.Persistence", "CinemaTicketingSystem.Persistence\CinemaTicketingSystem.Persistence.csproj", "{AD1B085F-5B14-4B6A-983F-EFFFE8BFC9A5}"
EndProject
Project("{2150E333-8FDC-42A3-9474-1A3956D46DE8}") = "application", "application", "{0B2805BE-6A00-4190-B4D4-831B735C76B2}"
EndProject
Project("{FAE04EC0-301F-11D3-BF4B-00C04F79EFBC}") = "CinemaTicketingSystem.Application.Abstraction", "CinemaTicketingSystem.Application.Abstraction\CinemaTicketingSystem.Application.Abstraction.csproj", "{389914CC-0D31-4E36-BC4B-A7E9A4199ECC}"
EndProject
Project("{FAE04EC0-301F-11D3-BF4B-00C04F79EFBC}") = "CinemaTicketingSystem.API", "CinemaTicketingSystem.API\CinemaTicketingSystem.API.csproj", "{1C226047-484E-4A7B-855C-E2BB19EA7A0F}"
EndProject
Project("{2150E333-8FDC-42A3-9474-1A3956D46DE8}") = "domain", "domain", "{DF13FB37-2580-4226-A3F2-861289EFABF3}"
EndProject
Project("{FAE04EC0-301F-11D3-BF4B-00C04F79EFBC}") = "CinemaTicketingSystem.Domain.Core", "CinemaTicketingSytem.Domain.Core\CinemaTicketingSystem.Domain.Core.csproj", "{5CF8BA81-05E7-4BB3-8CF3-F82EB5A702F9}"
EndProject
Project("{2150E333-8FDC-42A3-9474-1A3956D46DE8}") = "presentation", "presentation", "{C6D8EBBB-A8D0-4D3B-B06E-5C78E0D991FD}"
EndProject
Project("{2150E333-8FDC-42A3-9474-1A3956D46DE8}") = "host", "host", "{02EA681E-C7D8-13C7-8484-4AC65E1B71E8}"
EndProject
Project("{FAE04EC0-301F-11D3-BF4B-00C04F79EFBC}") = "CinemaTicketingSystem.DbMigrator", "CinemaTicketingSystem.DbMigrator\CinemaTicketingSystem.DbMigrator.csproj", "{61CFCBD1-F1C2-4239-ABFA-73DC6698D975}"
EndProject
Project("{2150E333-8FDC-42A3-9474-1A3956D46DE8}") = "Persistence", "Persistence", "{F2B89BA6-2F87-48BF-8D5E-D40CB2D2FCE2}"
EndProject
Global
	GlobalSection(SolutionConfigurationPlatforms) = preSolution
		Debug|Any CPU = Debug|Any CPU
		Release|Any CPU = Release|Any CPU
	EndGlobalSection
	GlobalSection(ProjectConfigurationPlatforms) = postSolution
		{F60AC0B8-C0F1-493F-AFEF-4AA7FFE7D1AB}.Debug|Any CPU.ActiveCfg = Debug|Any CPU
		{F60AC0B8-C0F1-493F-AFEF-4AA7FFE7D1AB}.Debug|Any CPU.Build.0 = Debug|Any CPU
		{F60AC0B8-C0F1-493F-AFEF-4AA7FFE7D1AB}.Release|Any CPU.ActiveCfg = Release|Any CPU
		{F60AC0B8-C0F1-493F-AFEF-4AA7FFE7D1AB}.Release|Any CPU.Build.0 = Release|Any CPU
		{137A0908-F6AA-4480-8EC4-C7B51EEBE91C}.Debug|Any CPU.ActiveCfg = Debug|Any CPU
		{137A0908-F6AA-4480-8EC4-C7B51EEBE91C}.Debug|Any CPU.Build.0 = Debug|Any CPU
		{137A0908-F6AA-4480-8EC4-C7B51EEBE91C}.Release|Any CPU.ActiveCfg = Release|Any CPU
		{137A0908-F6AA-4480-8EC4-C7B51EEBE91C}.Release|Any CPU.Build.0 = Release|Any CPU
		{6741FE32-211F-4B61-B13B-5B6338568ABA}.Debug|Any CPU.ActiveCfg = Debug|Any CPU
		{6741FE32-211F-4B61-B13B-5B6338568ABA}.Debug|Any CPU.Build.0 = Debug|Any CPU
		{6741FE32-211F-4B61-B13B-5B6338568ABA}.Release|Any CPU.ActiveCfg = Release|Any CPU
		{6741FE32-211F-4B61-B13B-5B6338568ABA}.Release|Any CPU.Build.0 = Release|Any CPU
		{AD1B085F-5B14-4B6A-983F-EFFFE8BFC9A5}.Debug|Any CPU.ActiveCfg = Debug|Any CPU
		{AD1B085F-5B14-4B6A-983F-EFFFE8BFC9A5}.Debug|Any CPU.Build.0 = Debug|Any CPU
		{AD1B085F-5B14-4B6A-983F-EFFFE8BFC9A5}.Release|Any CPU.ActiveCfg = Release|Any CPU
		{AD1B085F-5B14-4B6A-983F-EFFFE8BFC9A5}.Release|Any CPU.Build.0 = Release|Any CPU
		{389914CC-0D31-4E36-BC4B-A7E9A4199ECC}.Debug|Any CPU.ActiveCfg = Debug|Any CPU
		{389914CC-0D31-4E36-BC4B-A7E9A4199ECC}.Debug|Any CPU.Build.0 = Debug|Any CPU
		{389914CC-0D31-4E36-BC4B-A7E9A4199ECC}.Release|Any CPU.ActiveCfg = Release|Any CPU
		{389914CC-0D31-4E36-BC4B-A7E9A4199ECC}.Release|Any CPU.Build.0 = Release|Any CPU
		{1C226047-484E-4A7B-855C-E2BB19EA7A0F}.Debug|Any CPU.ActiveCfg = Debug|Any CPU
		{1C226047-484E-4A7B-855C-E2BB19EA7A0F}.Debug|Any CPU.Build.0 = Debug|Any CPU
		{1C226047-484E-4A7B-855C-E2BB19EA7A0F}.Release|Any CPU.ActiveCfg = Release|Any CPU
		{1C226047-484E-4A7B-855C-E2BB19EA7A0F}.Release|Any CPU.Build.0 = Release|Any CPU
		{5CF8BA81-05E7-4BB3-8CF3-F82EB5A702F9}.Debug|Any CPU.ActiveCfg = Debug|Any CPU
		{5CF8BA81-05E7-4BB3-8CF3-F82EB5A702F9}.Debug|Any CPU.Build.0 = Debug|Any CPU
		{5CF8BA81-05E7-4BB3-8CF3-F82EB5A702F9}.Release|Any CPU.ActiveCfg = Release|Any CPU
		{5CF8BA81-05E7-4BB3-8CF3-F82EB5A702F9}.Release|Any CPU.Build.0 = Release|Any CPU
		{61CFCBD1-F1C2-4239-ABFA-73DC6698D975}.Debug|Any CPU.ActiveCfg = Debug|Any CPU
		{61CFCBD1-F1C2-4239-ABFA-73DC6698D975}.Debug|Any CPU.Build.0 = Debug|Any CPU
		{61CFCBD1-F1C2-4239-ABFA-73DC6698D975}.Release|Any CPU.ActiveCfg = Release|Any CPU
		{61CFCBD1-F1C2-4239-ABFA-73DC6698D975}.Release|Any CPU.Build.0 = Release|Any CPU
	EndGlobalSection
	GlobalSection(SolutionProperties) = preSolution
		HideSolutionNode = FALSE
	EndGlobalSection
	GlobalSection(NestedProjects) = preSolution
		{F60AC0B8-C0F1-493F-AFEF-4AA7FFE7D1AB} = {DF13FB37-2580-4226-A3F2-861289EFABF3}
		{137A0908-F6AA-4480-8EC4-C7B51EEBE91C} = {0B2805BE-6A00-4190-B4D4-831B735C76B2}
		{6741FE32-211F-4B61-B13B-5B6338568ABA} = {02EA681E-C7D8-13C7-8484-4AC65E1B71E8}
		{5ED7C5E2-3A60-42D4-BFBE-76DA6F30C852} = {ABB2EFFB-59C6-4171-A44A-7AA652BCB4FD}
		{AD1B085F-5B14-4B6A-983F-EFFFE8BFC9A5} = {F2B89BA6-2F87-48BF-8D5E-D40CB2D2FCE2}
		{0B2805BE-6A00-4190-B4D4-831B735C76B2} = {ABB2EFFB-59C6-4171-A44A-7AA652BCB4FD}
		{389914CC-0D31-4E36-BC4B-A7E9A4199ECC} = {0B2805BE-6A00-4190-B4D4-831B735C76B2}
		{1C226047-484E-4A7B-855C-E2BB19EA7A0F} = {C6D8EBBB-A8D0-4D3B-B06E-5C78E0D991FD}
		{DF13FB37-2580-4226-A3F2-861289EFABF3} = {ABB2EFFB-59C6-4171-A44A-7AA652BCB4FD}
		{5CF8BA81-05E7-4BB3-8CF3-F82EB5A702F9} = {DF13FB37-2580-4226-A3F2-861289EFABF3}
		{C6D8EBBB-A8D0-4D3B-B06E-5C78E0D991FD} = {ABB2EFFB-59C6-4171-A44A-7AA652BCB4FD}
		{02EA681E-C7D8-13C7-8484-4AC65E1B71E8} = {ABB2EFFB-59C6-4171-A44A-7AA652BCB4FD}
		{61CFCBD1-F1C2-4239-ABFA-73DC6698D975} = {F2B89BA6-2F87-48BF-8D5E-D40CB2D2FCE2}
		{F2B89BA6-2F87-48BF-8D5E-D40CB2D2FCE2} = {5ED7C5E2-3A60-42D4-BFBE-76DA6F30C852}
	EndGlobalSection
	GlobalSection(ExtensibilityGlobals) = postSolution
		SolutionGuid = {33A146BF-7180-48A4-A876-A974CC5B5015}
	EndGlobalSection
EndGlobal
